// !$*UTF8*$!
{
	archiveVersion = 1;
	classes = {
	};
	objectVersion = 50;
	objects = {

/* Begin PBXBuildFile section */
		3E820E35221CA51D008124DB /* DELETEME-MODEL in Resources */ = {isa = PBXBuildFile; fileRef = 3E820E34221CA51D008124DB /* DELETEME-MODEL */; };
		3E820E39221CA51D008124DB /* DELETEME-MODELCONTROLLER in Resources */ = {isa = PBXBuildFile; fileRef = 3E820E38221CA51D008124DB /* DELETEME-MODELCONTROLLER */; };
		3E820E3C221CA51D008124DB /* DELETEME-VIEWCONTROLLER in Resources */ = {isa = PBXBuildFile; fileRef = 3E820E3B221CA51D008124DB /* DELETEME-VIEWCONTROLLER */; };
		3E820E41221CA51D008124DB /* Main.storyboard in Resources */ = {isa = PBXBuildFile; fileRef = 3E820E3F221CA51D008124DB /* Main.storyboard */; };
		3E820E44221CA51D008124DB /* AppDelegate.swift in Sources */ = {isa = PBXBuildFile; fileRef = 3E820E43221CA51D008124DB /* AppDelegate.swift */; };
		3E820E46221CA51F008124DB /* Assets.xcassets in Resources */ = {isa = PBXBuildFile; fileRef = 3E820E45221CA51F008124DB /* Assets.xcassets */; };
		3E820E49221CA51F008124DB /* LaunchScreen.storyboard in Resources */ = {isa = PBXBuildFile; fileRef = 3E820E47221CA51F008124DB /* LaunchScreen.storyboard */; };
/* End PBXBuildFile section */

/* Begin PBXFileReference section */
		3E820E30221CA51D008124DB /* Instagram.app */ = {isa = PBXFileReference; explicitFileType = wrapper.application; includeInIndex = 0; path = Instagram.app; sourceTree = BUILT_PRODUCTS_DIR; };
		3E820E34221CA51D008124DB /* DELETEME-MODEL */ = {isa = PBXFileReference; lastKnownFileType = text; path = "DELETEME-MODEL"; sourceTree = "<group>"; };
		3E820E38221CA51D008124DB /* DELETEME-MODELCONTROLLER */ = {isa = PBXFileReference; lastKnownFileType = text; path = "DELETEME-MODELCONTROLLER"; sourceTree = "<group>"; };
		3E820E3B221CA51D008124DB /* DELETEME-VIEWCONTROLLER */ = {isa = PBXFileReference; lastKnownFileType = text; path = "DELETEME-VIEWCONTROLLER"; sourceTree = "<group>"; };
		3E820E40221CA51D008124DB /* Base */ = {isa = PBXFileReference; lastKnownFileType = file.storyboard; name = Base; path = Base.lproj/Main.storyboard; sourceTree = "<group>"; };
		3E820E43221CA51D008124DB /* AppDelegate.swift */ = {isa = PBXFileReference; lastKnownFileType = sourcecode.swift; path = AppDelegate.swift; sourceTree = "<group>"; };
		3E820E45221CA51F008124DB /* Assets.xcassets */ = {isa = PBXFileReference; lastKnownFileType = folder.assetcatalog; path = Assets.xcassets; sourceTree = "<group>"; };
		3E820E48221CA51F008124DB /* Base */ = {isa = PBXFileReference; lastKnownFileType = file.storyboard; name = Base; path = Base.lproj/LaunchScreen.storyboard; sourceTree = "<group>"; };
		3E820E4A221CA51F008124DB /* Info.plist */ = {isa = PBXFileReference; lastKnownFileType = text.plist.xml; path = Info.plist; sourceTree = "<group>"; };
/* End PBXFileReference section */

/* Begin PBXFrameworksBuildPhase section */
		3E820E2D221CA51D008124DB /* Frameworks */ = {
			isa = PBXFrameworksBuildPhase;
			buildActionMask = 2147483647;
			files = (
			);
			runOnlyForDeploymentPostprocessing = 0;
		};
/* End PBXFrameworksBuildPhase section */

/* Begin PBXGroup section */
		3E820E27221CA51D008124DB = {
			isa = PBXGroup;
			children = (
				3E820E32221CA51D008124DB /* Instagram */,
				3E820E31221CA51D008124DB /* Products */,
			);
			sourceTree = "<group>";
		};
		3E820E31221CA51D008124DB /* Products */ = {
			isa = PBXGroup;
			children = (
				3E820E30221CA51D008124DB /* Instagram.app */,
			);
			name = Products;
			sourceTree = "<group>";
		};
		3E820E32221CA51D008124DB /* Instagram */ = {
			isa = PBXGroup;
			children = (
				3E820E45221CA51F008124DB /* Assets.xcassets */,
				3E820E47221CA51F008124DB /* LaunchScreen.storyboard */,
				3E820E4A221CA51F008124DB /* Info.plist */,
				3E820E33221CA51D008124DB /* Models */,
				3E820E36221CA51D008124DB /* Controllers */,
				3E820E3D221CA51D008124DB /* Views */,
				3E820E42221CA51D008124DB /* Resources */,
			);
			path = Instagram;
			sourceTree = "<group>";
		};
		3E820E33221CA51D008124DB /* Models */ = {
			isa = PBXGroup;
			children = (
				3E820E34221CA51D008124DB /* DELETEME-MODEL */,
			);
			name = Models;
			sourceTree = "<group>";
		};
		3E820E36221CA51D008124DB /* Controllers */ = {
			isa = PBXGroup;
			children = (
				3E820E37221CA51D008124DB /* Model Controllers */,
				3E820E3A221CA51D008124DB /* View Controllers */,
			);
			name = Controllers;
			sourceTree = "<group>";
		};
		3E820E37221CA51D008124DB /* Model Controllers */ = {
			isa = PBXGroup;
			children = (
				3E820E38221CA51D008124DB /* DELETEME-MODELCONTROLLER */,
			);
			name = "Model Controllers";
			sourceTree = "<group>";
		};
		3E820E3A221CA51D008124DB /* View Controllers */ = {
			isa = PBXGroup;
			children = (
				3E820E3B221CA51D008124DB /* DELETEME-VIEWCONTROLLER */,
			);
			name = "View Controllers";
			sourceTree = "<group>";
		};
		3E820E3D221CA51D008124DB /* Views */ = {
			isa = PBXGroup;
			children = (
				3E820E3E221CA51D008124DB /* Storyboards */,
			);
			name = Views;
			sourceTree = "<group>";
		};
		3E820E3E221CA51D008124DB /* Storyboards */ = {
			isa = PBXGroup;
			children = (
				3E820E3F221CA51D008124DB /* Main.storyboard */,
			);
			name = Storyboards;
			sourceTree = "<group>";
		};
		3E820E42221CA51D008124DB /* Resources */ = {
			isa = PBXGroup;
			children = (
				3E820E43221CA51D008124DB /* AppDelegate.swift */,
			);
			name = Resources;
			sourceTree = "<group>";
		};
/* End PBXGroup section */

/* Begin PBXNativeTarget section */
		3E820E2F221CA51D008124DB /* Instagram */ = {
			isa = PBXNativeTarget;
			buildConfigurationList = 3E820E4D221CA51F008124DB /* Build configuration list for PBXNativeTarget "Instagram" */;
			buildPhases = (
				3E820E2C221CA51D008124DB /* Sources */,
				3E820E2D221CA51D008124DB /* Frameworks */,
				3E820E2E221CA51D008124DB /* Resources */,
			);
			buildRules = (
			);
			dependencies = (
			);
			name = Instagram;
			productName = Instagram;
			productReference = 3E820E30221CA51D008124DB /* Instagram.app */;
			productType = "com.apple.product-type.application";
		};
/* End PBXNativeTarget section */

/* Begin PBXProject section */
		3E820E28221CA51D008124DB /* Project object */ = {
			isa = PBXProject;
			attributes = {
				LastSwiftUpdateCheck = 1010;
				LastUpgradeCheck = 1010;
				ORGANIZATIONNAME = "Owen Henley";
				TargetAttributes = {
					3E820E2F221CA51D008124DB = {
						CreatedOnToolsVersion = 10.1;
					};
				};
			};
			buildConfigurationList = 3E820E2B221CA51D008124DB /* Build configuration list for PBXProject "Instagram" */;
			compatibilityVersion = "Xcode 9.3";
			developmentRegion = en;
			hasScannedForEncodings = 0;
			knownRegions = (
				en,
				Base,
			);
			mainGroup = 3E820E27221CA51D008124DB;
			productRefGroup = 3E820E31221CA51D008124DB /* Products */;
			projectDirPath = "";
			projectRoot = "";
			targets = (
				3E820E2F221CA51D008124DB /* Instagram */,
			);
		};
/* End PBXProject section */

/* Begin PBXResourcesBuildPhase section */
		3E820E2E221CA51D008124DB /* Resources */ = {
			isa = PBXResourcesBuildPhase;
			buildActionMask = 2147483647;
			files = (
				3E820E3C221CA51D008124DB /* DELETEME-VIEWCONTROLLER in Resources */,
				3E820E35221CA51D008124DB /* DELETEME-MODEL in Resources */,
				3E820E39221CA51D008124DB /* DELETEME-MODELCONTROLLER in Resources */,
				3E820E49221CA51F008124DB /* LaunchScreen.storyboard in Resources */,
				3E820E41221CA51D008124DB /* Main.storyboard in Resources */,
				3E820E46221CA51F008124DB /* Assets.xcassets in Resources */,
			);
			runOnlyForDeploymentPostprocessing = 0;
		};
/* End PBXResourcesBuildPhase section */

/* Begin PBXSourcesBuildPhase section */
		3E820E2C221CA51D008124DB /* Sources */ = {
			isa = PBXSourcesBuildPhase;
			buildActionMask = 2147483647;
			files = (
				3E820E44221CA51D008124DB /* AppDelegate.swift in Sources */,
			);
			runOnlyForDeploymentPostprocessing = 0;
		};
/* End PBXSourcesBuildPhase section */

/* Begin PBXVariantGroup section */
		3E820E3F221CA51D008124DB /* Main.storyboard */ = {
			isa = PBXVariantGroup;
			children = (
				3E820E40221CA51D008124DB /* Base */,
			);
			name = Main.storyboard;
			sourceTree = "<group>";
		};
		3E820E47221CA51F008124DB /* LaunchScreen.storyboard */ = {
			isa = PBXVariantGroup;
			children = (
				3E820E48221CA51F008124DB /* Base */,
			);
			name = LaunchScreen.storyboard;
			sourceTree = "<group>";
		};
/* End PBXVariantGroup section */

/* Begin XCBuildConfiguration section */
		3E820E4B221CA51F008124DB /* Debug */ = {
			isa = XCBuildConfiguration;
			buildSettings = {
				ALWAYS_SEARCH_USER_PATHS = NO;
				CLANG_ANALYZER_NONNULL = YES;
				CLANG_ANALYZER_NUMBER_OBJECT_CONVERSION = YES_AGGRESSIVE;
				CLANG_CXX_LANGUAGE_STANDARD = "gnu++14";
				CLANG_CXX_LIBRARY = "libc++";
				CLANG_ENABLE_MODULES = YES;
				CLANG_ENABLE_OBJC_ARC = YES;
				CLANG_ENABLE_OBJC_WEAK = YES;
				CLANG_WARN_BLOCK_CAPTURE_AUTORELEASING = YES;
				CLANG_WARN_BOOL_CONVERSION = YES;
				CLANG_WARN_COMMA = YES;
				CLANG_WARN_CONSTANT_CONVERSION = YES;
				CLANG_WARN_DEPRECATED_OBJC_IMPLEMENTATIONS = YES;
				CLANG_WARN_DIRECT_OBJC_ISA_USAGE = YES_ERROR;
				CLANG_WARN_DOCUMENTATION_COMMENTS = YES;
				CLANG_WARN_EMPTY_BODY = YES;
				CLANG_WARN_ENUM_CONVERSION = YES;
				CLANG_WARN_INFINITE_RECURSION = YES;
				CLANG_WARN_INT_CONVERSION = YES;
				CLANG_WARN_NON_LITERAL_NULL_CONVERSION = YES;
				CLANG_WARN_OBJC_IMPLICIT_RETAIN_SELF = YES;
				CLANG_WARN_OBJC_LITERAL_CONVERSION = YES;
				CLANG_WARN_OBJC_ROOT_CLASS = YES_ERROR;
				CLANG_WARN_RANGE_LOOP_ANALYSIS = YES;
				CLANG_WARN_STRICT_PROTOTYPES = YES;
				CLANG_WARN_SUSPICIOUS_MOVE = YES;
				CLANG_WARN_UNGUARDED_AVAILABILITY = YES_AGGRESSIVE;
				CLANG_WARN_UNREACHABLE_CODE = YES;
				CLANG_WARN__DUPLICATE_METHOD_MATCH = YES;
				CODE_SIGN_IDENTITY = "iPhone Developer";
				COPY_PHASE_STRIP = NO;
				DEBUG_INFORMATION_FORMAT = dwarf;
				ENABLE_STRICT_OBJC_MSGSEND = YES;
				ENABLE_TESTABILITY = YES;
				GCC_C_LANGUAGE_STANDARD = gnu11;
				GCC_DYNAMIC_NO_PIC = NO;
				GCC_NO_COMMON_BLOCKS = YES;
				GCC_OPTIMIZATION_LEVEL = 0;
				GCC_PREPROCESSOR_DEFINITIONS = (
					"DEBUG=1",
					"$(inherited)",
				);
				GCC_WARN_64_TO_32_BIT_CONVERSION = YES;
				GCC_WARN_ABOUT_RETURN_TYPE = YES_ERROR;
				GCC_WARN_UNDECLARED_SELECTOR = YES;
				GCC_WARN_UNINITIALIZED_AUTOS = YES_AGGRESSIVE;
				GCC_WARN_UNUSED_FUNCTION = YES;
				GCC_WARN_UNUSED_VARIABLE = YES;
				IPHONEOS_DEPLOYMENT_TARGET = 12.1;
				MTL_ENABLE_DEBUG_INFO = INCLUDE_SOURCE;
				MTL_FAST_MATH = YES;
				ONLY_ACTIVE_ARCH = YES;
				SDKROOT = iphoneos;
				SWIFT_ACTIVE_COMPILATION_CONDITIONS = DEBUG;
				SWIFT_OPTIMIZATION_LEVEL = "-Onone";
			};
			name = Debug;
		};
		3E820E4C221CA51F008124DB /* Release */ = {
			isa = XCBuildConfiguration;
			buildSettings = {
				ALWAYS_SEARCH_USER_PATHS = NO;
				CLANG_ANALYZER_NONNULL = YES;
				CLANG_ANALYZER_NUMBER_OBJECT_CONVERSION = YES_AGGRESSIVE;
				CLANG_CXX_LANGUAGE_STANDARD = "gnu++14";
				CLANG_CXX_LIBRARY = "libc++";
				CLANG_ENABLE_MODULES = YES;
				CLANG_ENABLE_OBJC_ARC = YES;
				CLANG_ENABLE_OBJC_WEAK = YES;
				CLANG_WARN_BLOCK_CAPTURE_AUTORELEASING = YES;
				CLANG_WARN_BOOL_CONVERSION = YES;
				CLANG_WARN_COMMA = YES;
				CLANG_WARN_CONSTANT_CONVERSION = YES;
				CLANG_WARN_DEPRECATED_OBJC_IMPLEMENTATIONS = YES;
				CLANG_WARN_DIRECT_OBJC_ISA_USAGE = YES_ERROR;
				CLANG_WARN_DOCUMENTATION_COMMENTS = YES;
				CLANG_WARN_EMPTY_BODY = YES;
				CLANG_WARN_ENUM_CONVERSION = YES;
				CLANG_WARN_INFINITE_RECURSION = YES;
				CLANG_WARN_INT_CONVERSION = YES;
				CLANG_WARN_NON_LITERAL_NULL_CONVERSION = YES;
				CLANG_WARN_OBJC_IMPLICIT_RETAIN_SELF = YES;
				CLANG_WARN_OBJC_LITERAL_CONVERSION = YES;
				CLANG_WARN_OBJC_ROOT_CLASS = YES_ERROR;
				CLANG_WARN_RANGE_LOOP_ANALYSIS = YES;
				CLANG_WARN_STRICT_PROTOTYPES = YES;
				CLANG_WARN_SUSPICIOUS_MOVE = YES;
				CLANG_WARN_UNGUARDED_AVAILABILITY = YES_AGGRESSIVE;
				CLANG_WARN_UNREACHABLE_CODE = YES;
				CLANG_WARN__DUPLICATE_METHOD_MATCH = YES;
				CODE_SIGN_IDENTITY = "iPhone Developer";
				COPY_PHASE_STRIP = NO;
				DEBUG_INFORMATION_FORMAT = "dwarf-with-dsym";
				ENABLE_NS_ASSERTIONS = NO;
				ENABLE_STRICT_OBJC_MSGSEND = YES;
				GCC_C_LANGUAGE_STANDARD = gnu11;
				GCC_NO_COMMON_BLOCKS = YES;
				GCC_WARN_64_TO_32_BIT_CONVERSION = YES;
				GCC_WARN_ABOUT_RETURN_TYPE = YES_ERROR;
				GCC_WARN_UNDECLARED_SELECTOR = YES;
				GCC_WARN_UNINITIALIZED_AUTOS = YES_AGGRESSIVE;
				GCC_WARN_UNUSED_FUNCTION = YES;
				GCC_WARN_UNUSED_VARIABLE = YES;
				IPHONEOS_DEPLOYMENT_TARGET = 12.1;
				MTL_ENABLE_DEBUG_INFO = NO;
				MTL_FAST_MATH = YES;
				SDKROOT = iphoneos;
				SWIFT_COMPILATION_MODE = wholemodule;
				SWIFT_OPTIMIZATION_LEVEL = "-O";
				VALIDATE_PRODUCT = YES;
			};
			name = Release;
		};
		3E820E4E221CA51F008124DB /* Debug */ = {
			isa = XCBuildConfiguration;
			buildSettings = {
				ASSETCATALOG_COMPILER_APPICON_NAME = AppIcon;
				CODE_SIGN_STYLE = Automatic;
				DEVELOPMENT_TEAM = CYZA2EE6W8;
				INFOPLIST_FILE = Instagram/Info.plist;
				LD_RUNPATH_SEARCH_PATHS = (
					"$(inherited)",
					"@executable_path/Frameworks",
				);
				PRODUCT_BUNDLE_IDENTIFIER = io.owenhenley.Instagram;
				PRODUCT_NAME = "$(TARGET_NAME)";
				SWIFT_VERSION = 4.2;
				TARGETED_DEVICE_FAMILY = "1,2";
			};
			name = Debug;
		};
		3E820E4F221CA51F008124DB /* Release */ = {
			isa = XCBuildConfiguration;
			buildSettings = {
				ASSETCATALOG_COMPILER_APPICON_NAME = AppIcon;
				CODE_SIGN_STYLE = Automatic;
				DEVELOPMENT_TEAM = CYZA2EE6W8;
				INFOPLIST_FILE = Instagram/Info.plist;
				LD_RUNPATH_SEARCH_PATHS = (
					"$(inherited)",
					"@executable_path/Frameworks",
				);
				PRODUCT_BUNDLE_IDENTIFIER = io.owenhenley.Instagram;
				PRODUCT_NAME = "$(TARGET_NAME)";
				SWIFT_VERSION = 4.2;
				TARGETED_DEVICE_FAMILY = "1,2";
			};
			name = Release;
		};
/* End XCBuildConfiguration section */

/* Begin XCConfigurationList section */
		3E820E2B221CA51D008124DB /* Build configuration list for PBXProject "Instagram" */ = {
			isa = XCConfigurationList;
			buildConfigurations = (
				3E820E4B221CA51F008124DB /* Debug */,
				3E820E4C221CA51F008124DB /* Release */,
			);
			defaultConfigurationIsVisible = 0;
			defaultConfigurationName = Release;
		};
		3E820E4D221CA51F008124DB /* Build configuration list for PBXNativeTarget "Instagram" */ = {
			isa = XCConfigurationList;
			buildConfigurations = (
				3E820E4E221CA51F008124DB /* Debug */,
				3E820E4F221CA51F008124DB /* Release */,
			);
			defaultConfigurationIsVisible = 0;
			defaultConfigurationName = Release;
		};
/* End XCConfigurationList section */
	};
	rootObject = 3E820E28221CA51D008124DB /* Project object */;
}
